
Microsoft Visual Studio Solution File, Format Version 12.00
# Visual Studio Version 17
VisualStudioVersion = 17.2.32602.215
MinimumVisualStudioVersion = 10.0.40219.1
Project("{9A19103F-16F7-4668-BE54-9A1E7A4F7556}") = "EditorHtml", "EditorHtml.csproj", "{263918BB-076A-490E-A5A7-7389BCAB0F2C}"
EndProject
Global
	GlobalSection(SolutionConfigurationPlatforms) = preSolution
		Debug|Any CPU = Debug|Any CPU
		Release|Any CPU = Release|Any CPU
	EndGlobalSection
	GlobalSection(ProjectConfigurationPlatforms) = postSolution
		{263918BB-076A-490E-A5A7-7389BCAB0F2C}.Debug|Any CPU.ActiveCfg = Debug|Any CPU
		{263918BB-076A-490E-A5A7-7389BCAB0F2C}.Debug|Any CPU.Build.0 = Debug|Any CPU
		{263918BB-076A-490E-A5A7-7389BCAB0F2C}.Release|Any CPU.ActiveCfg = Release|Any CPU
		{263918BB-076A-490E-A5A7-7389BCAB0F2C}.Release|Any CPU.Build.0 = Release|Any CPU
	EndGlobalSection
	GlobalSection(SolutionProperties) = preSolution
		HideSolutionNode = FALSE
	EndGlobalSection
	GlobalSection(ExtensibilityGlobals) = postSolution
		SolutionGuid = {DFD88602-4882-44E3-91D9-FB8BB513FC9C}
	EndGlobalSection
EndGlobal
